// !$*UTF8*$!
{
	archiveVersion = 1;
	classes = {
	};
	objectVersion = 50;
	objects = {

/* Begin PBXBuildFile section */
		3F9D44AE25EDD88F000206E5 /* AppDelegate.swift in Sources */ = {isa = PBXBuildFile; fileRef = 3F9D44AD25EDD88F000206E5 /* AppDelegate.swift */; };
		3F9D44B025EDD88F000206E5 /* SceneDelegate.swift in Sources */ = {isa = PBXBuildFile; fileRef = 3F9D44AF25EDD88F000206E5 /* SceneDelegate.swift */; };
		3F9D44B225EDD88F000206E5 /* ViewController.swift in Sources */ = {isa = PBXBuildFile; fileRef = 3F9D44B125EDD88F000206E5 /* ViewController.swift */; };
		3F9D44B825EDD88F000206E5 /* iDining.xcdatamodeld in Sources */ = {isa = PBXBuildFile; fileRef = 3F9D44B625EDD88F000206E5 /* iDining.xcdatamodeld */; };
		3F9D44C825EDD89D000206E5 /* iDiningTests.swift in Sources */ = {isa = PBXBuildFile; fileRef = 3F9D44C725EDD89D000206E5 /* iDiningTests.swift */; };
		3F9D44D325EDD89D000206E5 /* iDiningUITests.swift in Sources */ = {isa = PBXBuildFile; fileRef = 3F9D44D225EDD89D000206E5 /* iDiningUITests.swift */; };
		3F9D44F125EDDAB2000206E5 /* menu.json in Resources */ = {isa = PBXBuildFile; fileRef = 3F9D44F025EDDAB2000206E5 /* menu.json */; };
		3F9D450025F5B388000206E5 /* OrderView.swift in Sources */ = {isa = PBXBuildFile; fileRef = 3F9D44FF25F5B388000206E5 /* OrderView.swift */; };
		3F9D450525F5B3ED000206E5 /* CheckoutView.swift in Sources */ = {isa = PBXBuildFile; fileRef = 3F9D450425F5B3ED000206E5 /* CheckoutView.swift */; };
		3F9D451725F5B4A2000206E5 /* Helper.swift in Sources */ = {isa = PBXBuildFile; fileRef = 3F9D451625F5B4A2000206E5 /* Helper.swift */; };
		3F9D451C25F5B4C4000206E5 /* Menu.swift in Sources */ = {isa = PBXBuildFile; fileRef = 3F9D451B25F5B4C4000206E5 /* Menu.swift */; };
		3F9D452125F5B4E4000206E5 /* Order.swift in Sources */ = {isa = PBXBuildFile; fileRef = 3F9D452025F5B4E4000206E5 /* Order.swift */; };
		3F9D452625F5B525000206E5 /* Assets.xcassets in Resources */ = {isa = PBXBuildFile; fileRef = 3F9D452525F5B525000206E5 /* Assets.xcassets */; };
		3F9D453425F5B613000206E5 /* MainView.swift in Sources */ = {isa = PBXBuildFile; fileRef = 3F9D453325F5B613000206E5 /* MainView.swift */; };
		3F9D453C25F5B63A000206E5 /* ItemRow.swift in Sources */ = {isa = PBXBuildFile; fileRef = 3F9D453B25F5B63A000206E5 /* ItemRow.swift */; };
		3F9D454425F5B66D000206E5 /* iDineApp.swift in Sources */ = {isa = PBXBuildFile; fileRef = 3F9D454325F5B66D000206E5 /* iDineApp.swift */; };
		3F9D454C25F5B689000206E5 /* ContentView.swift in Sources */ = {isa = PBXBuildFile; fileRef = 3F9D454B25F5B689000206E5 /* ContentView.swift */; };
		3F9D455425F5B6AF000206E5 /* ItemDetail.swift in Sources */ = {isa = PBXBuildFile; fileRef = 3F9D455325F5B6AF000206E5 /* ItemDetail.swift */; };
/* End PBXBuildFile section */

/* Begin PBXContainerItemProxy section */
		3F9D44C425EDD89D000206E5 /* PBXContainerItemProxy */ = {
			isa = PBXContainerItemProxy;
			containerPortal = 3F9D44A225EDD88F000206E5 /* Project object */;
			proxyType = 1;
			remoteGlobalIDString = 3F9D44A925EDD88F000206E5;
			remoteInfo = iDining;
		};
		3F9D44CF25EDD89D000206E5 /* PBXContainerItemProxy */ = {
			isa = PBXContainerItemProxy;
			containerPortal = 3F9D44A225EDD88F000206E5 /* Project object */;
			proxyType = 1;
			remoteGlobalIDString = 3F9D44A925EDD88F000206E5;
			remoteInfo = iDining;
		};
/* End PBXContainerItemProxy section */

/* Begin PBXFileReference section */
		3F9D44AA25EDD88F000206E5 /* iDining.app */ = {isa = PBXFileReference; explicitFileType = wrapper.application; includeInIndex = 0; path = iDining.app; sourceTree = BUILT_PRODUCTS_DIR; };
		3F9D44AD25EDD88F000206E5 /* AppDelegate.swift */ = {isa = PBXFileReference; lastKnownFileType = sourcecode.swift; path = AppDelegate.swift; sourceTree = "<group>"; };
		3F9D44AF25EDD88F000206E5 /* SceneDelegate.swift */ = {isa = PBXFileReference; lastKnownFileType = sourcecode.swift; path = SceneDelegate.swift; sourceTree = "<group>"; };
		3F9D44B125EDD88F000206E5 /* ViewController.swift */ = {isa = PBXFileReference; lastKnownFileType = sourcecode.swift; path = ViewController.swift; sourceTree = "<group>"; };
		3F9D44B725EDD88F000206E5 /* iDining.xcdatamodel */ = {isa = PBXFileReference; lastKnownFileType = wrapper.xcdatamodel; path = iDining.xcdatamodel; sourceTree = "<group>"; };
		3F9D44BE25EDD89C000206E5 /* Info.plist */ = {isa = PBXFileReference; lastKnownFileType = text.plist.xml; path = Info.plist; sourceTree = "<group>"; };
		3F9D44C325EDD89D000206E5 /* iDiningTests.xctest */ = {isa = PBXFileReference; explicitFileType = wrapper.cfbundle; includeInIndex = 0; path = iDiningTests.xctest; sourceTree = BUILT_PRODUCTS_DIR; };
		3F9D44C725EDD89D000206E5 /* iDiningTests.swift */ = {isa = PBXFileReference; lastKnownFileType = sourcecode.swift; path = iDiningTests.swift; sourceTree = "<group>"; };
		3F9D44C925EDD89D000206E5 /* Info.plist */ = {isa = PBXFileReference; lastKnownFileType = text.plist.xml; path = Info.plist; sourceTree = "<group>"; };
		3F9D44CE25EDD89D000206E5 /* iDiningUITests.xctest */ = {isa = PBXFileReference; explicitFileType = wrapper.cfbundle; includeInIndex = 0; path = iDiningUITests.xctest; sourceTree = BUILT_PRODUCTS_DIR; };
		3F9D44D225EDD89D000206E5 /* iDiningUITests.swift */ = {isa = PBXFileReference; lastKnownFileType = sourcecode.swift; path = iDiningUITests.swift; sourceTree = "<group>"; };
		3F9D44D425EDD89D000206E5 /* Info.plist */ = {isa = PBXFileReference; lastKnownFileType = text.plist.xml; path = Info.plist; sourceTree = "<group>"; };
		3F9D44F025EDDAB2000206E5 /* menu.json */ = {isa = PBXFileReference; fileEncoding = 4; lastKnownFileType = text.json; path = menu.json; sourceTree = "<group>"; };
		3F9D44FF25F5B388000206E5 /* OrderView.swift */ = {isa = PBXFileReference; lastKnownFileType = sourcecode.swift; path = OrderView.swift; sourceTree = "<group>"; };
		3F9D450425F5B3ED000206E5 /* CheckoutView.swift */ = {isa = PBXFileReference; lastKnownFileType = sourcecode.swift; path = CheckoutView.swift; sourceTree = "<group>"; };
		3F9D451625F5B4A2000206E5 /* Helper.swift */ = {isa = PBXFileReference; lastKnownFileType = sourcecode.swift; path = Helper.swift; sourceTree = "<group>"; };
		3F9D451B25F5B4C4000206E5 /* Menu.swift */ = {isa = PBXFileReference; lastKnownFileType = sourcecode.swift; path = Menu.swift; sourceTree = "<group>"; };
		3F9D452025F5B4E4000206E5 /* Order.swift */ = {isa = PBXFileReference; lastKnownFileType = sourcecode.swift; path = Order.swift; sourceTree = "<group>"; };
		3F9D452525F5B525000206E5 /* Assets.xcassets */ = {isa = PBXFileReference; lastKnownFileType = folder.assetcatalog; name = Assets.xcassets; path = "../../../../Downloads/iDine-main/iDine/Assets.xcassets"; sourceTree = "<group>"; };
		3F9D453325F5B613000206E5 /* MainView.swift */ = {isa = PBXFileReference; fileEncoding = 4; lastKnownFileType = sourcecode.swift; name = MainView.swift; path = "../../../../Downloads/iDine-main/iDine/MainView.swift"; sourceTree = "<group>"; };
		3F9D453B25F5B63A000206E5 /* ItemRow.swift */ = {isa = PBXFileReference; fileEncoding = 4; lastKnownFileType = sourcecode.swift; name = ItemRow.swift; path = "../../../../Downloads/iDine-main/iDine/ItemRow.swift"; sourceTree = "<group>"; };
		3F9D454325F5B66D000206E5 /* iDineApp.swift */ = {isa = PBXFileReference; fileEncoding = 4; lastKnownFileType = sourcecode.swift; path = iDineApp.swift; sourceTree = "<group>"; };
		3F9D454B25F5B689000206E5 /* ContentView.swift */ = {isa = PBXFileReference; fileEncoding = 4; lastKnownFileType = sourcecode.swift; name = ContentView.swift; path = "../../../../Downloads/iDine-main/iDine/ContentView.swift"; sourceTree = "<group>"; };
		3F9D455325F5B6AF000206E5 /* ItemDetail.swift */ = {isa = PBXFileReference; fileEncoding = 4; lastKnownFileType = sourcecode.swift; name = ItemDetail.swift; path = "../../../../Downloads/iDine-main/iDine/ItemDetail.swift"; sourceTree = "<group>"; };
/* End PBXFileReference section */

/* Begin PBXFrameworksBuildPhase section */
		3F9D44A725EDD88F000206E5 /* Frameworks */ = {
			isa = PBXFrameworksBuildPhase;
			buildActionMask = 2147483647;
			files = (
			);
			runOnlyForDeploymentPostprocessing = 0;
		};
		3F9D44C025EDD89D000206E5 /* Frameworks */ = {
			isa = PBXFrameworksBuildPhase;
			buildActionMask = 2147483647;
			files = (
			);
			runOnlyForDeploymentPostprocessing = 0;
		};
		3F9D44CB25EDD89D000206E5 /* Frameworks */ = {
			isa = PBXFrameworksBuildPhase;
			buildActionMask = 2147483647;
			files = (
			);
			runOnlyForDeploymentPostprocessing = 0;
		};
/* End PBXFrameworksBuildPhase section */

/* Begin PBXGroup section */
		3F9D44A125EDD88E000206E5 = {
			isa = PBXGroup;
			children = (
				3F9D44AC25EDD88F000206E5 /* iDining */,
				3F9D44C625EDD89D000206E5 /* iDiningTests */,
				3F9D44D125EDD89D000206E5 /* iDiningUITests */,
				3F9D44AB25EDD88F000206E5 /* Products */,
			);
			sourceTree = "<group>";
		};
		3F9D44AB25EDD88F000206E5 /* Products */ = {
			isa = PBXGroup;
			children = (
				3F9D44AA25EDD88F000206E5 /* iDining.app */,
				3F9D44C325EDD89D000206E5 /* iDiningTests.xctest */,
				3F9D44CE25EDD89D000206E5 /* iDiningUITests.xctest */,
			);
			name = Products;
			sourceTree = "<group>";
		};
		3F9D44AC25EDD88F000206E5 /* iDining */ = {
			isa = PBXGroup;
			children = (
				3F9D454325F5B66D000206E5 /* iDineApp.swift */,
				3F9D454B25F5B689000206E5 /* ContentView.swift */,
				3F9D455325F5B6AF000206E5 /* ItemDetail.swift */,
				3F9D44FF25F5B388000206E5 /* OrderView.swift */,
				3F9D450425F5B3ED000206E5 /* CheckoutView.swift */,
				3F9D453325F5B613000206E5 /* MainView.swift */,
				3F9D453B25F5B63A000206E5 /* ItemRow.swift */,
				3F9D451625F5B4A2000206E5 /* Helper.swift */,
				3F9D451B25F5B4C4000206E5 /* Menu.swift */,
				3F9D452025F5B4E4000206E5 /* Order.swift */,
				3F9D44F025EDDAB2000206E5 /* menu.json */,
				3F9D452525F5B525000206E5 /* Assets.xcassets */,
				3F9D44BE25EDD89C000206E5 /* Info.plist */,
				3F9D44B625EDD88F000206E5 /* iDining.xcdatamodeld */,
				3FD60206263A5034008E5887 /* Do I need this? */,
			);
			path = iDining;
			sourceTree = "<group>";
		};
		3F9D44C625EDD89D000206E5 /* iDiningTests */ = {
			isa = PBXGroup;
			children = (
				3F9D44C725EDD89D000206E5 /* iDiningTests.swift */,
				3F9D44C925EDD89D000206E5 /* Info.plist */,
			);
			path = iDiningTests;
			sourceTree = "<group>";
		};
		3F9D44D125EDD89D000206E5 /* iDiningUITests */ = {
			isa = PBXGroup;
			children = (
				3F9D44D225EDD89D000206E5 /* iDiningUITests.swift */,
				3F9D44D425EDD89D000206E5 /* Info.plist */,
			);
			path = iDiningUITests;
			sourceTree = "<group>";
		};
		3FD60206263A5034008E5887 /* Do I need this? */ = {
			isa = PBXGroup;
			children = (
				3F9D44AD25EDD88F000206E5 /* AppDelegate.swift */,
				3F9D44AF25EDD88F000206E5 /* SceneDelegate.swift */,
				3F9D44B125EDD88F000206E5 /* ViewController.swift */,
			);
			path = "Do I need this?";
			sourceTree = "<group>";
		};
/* End PBXGroup section */

/* Begin PBXNativeTarget section */
		3F9D44A925EDD88F000206E5 /* iDining */ = {
			isa = PBXNativeTarget;
			buildConfigurationList = 3F9D44D725EDD89D000206E5 /* Build configuration list for PBXNativeTarget "iDining" */;
			buildPhases = (
				3F9D44A625EDD88F000206E5 /* Sources */,
				3F9D44A725EDD88F000206E5 /* Frameworks */,
				3F9D44A825EDD88F000206E5 /* Resources */,
			);
			buildRules = (
			);
			dependencies = (
			);
			name = iDining;
			productName = iDining;
			productReference = 3F9D44AA25EDD88F000206E5 /* iDining.app */;
			productType = "com.apple.product-type.application";
		};
		3F9D44C225EDD89D000206E5 /* iDiningTests */ = {
			isa = PBXNativeTarget;
			buildConfigurationList = 3F9D44DA25EDD89D000206E5 /* Build configuration list for PBXNativeTarget "iDiningTests" */;
			buildPhases = (
				3F9D44BF25EDD89D000206E5 /* Sources */,
				3F9D44C025EDD89D000206E5 /* Frameworks */,
				3F9D44C125EDD89D000206E5 /* Resources */,
			);
			buildRules = (
			);
			dependencies = (
				3F9D44C525EDD89D000206E5 /* PBXTargetDependency */,
			);
			name = iDiningTests;
			productName = iDiningTests;
			productReference = 3F9D44C325EDD89D000206E5 /* iDiningTests.xctest */;
			productType = "com.apple.product-type.bundle.unit-test";
		};
		3F9D44CD25EDD89D000206E5 /* iDiningUITests */ = {
			isa = PBXNativeTarget;
			buildConfigurationList = 3F9D44DD25EDD89D000206E5 /* Build configuration list for PBXNativeTarget "iDiningUITests" */;
			buildPhases = (
				3F9D44CA25EDD89D000206E5 /* Sources */,
				3F9D44CB25EDD89D000206E5 /* Frameworks */,
				3F9D44CC25EDD89D000206E5 /* Resources */,
			);
			buildRules = (
			);
			dependencies = (
				3F9D44D025EDD89D000206E5 /* PBXTargetDependency */,
			);
			name = iDiningUITests;
			productName = iDiningUITests;
			productReference = 3F9D44CE25EDD89D000206E5 /* iDiningUITests.xctest */;
			productType = "com.apple.product-type.bundle.ui-testing";
		};
/* End PBXNativeTarget section */

/* Begin PBXProject section */
		3F9D44A225EDD88F000206E5 /* Project object */ = {
			isa = PBXProject;
			attributes = {
				LastSwiftUpdateCheck = 1230;
				LastUpgradeCheck = 1230;
				TargetAttributes = {
					3F9D44A925EDD88F000206E5 = {
						CreatedOnToolsVersion = 12.3;
					};
					3F9D44C225EDD89D000206E5 = {
						CreatedOnToolsVersion = 12.3;
						TestTargetID = 3F9D44A925EDD88F000206E5;
					};
					3F9D44CD25EDD89D000206E5 = {
						CreatedOnToolsVersion = 12.3;
						TestTargetID = 3F9D44A925EDD88F000206E5;
					};
				};
			};
			buildConfigurationList = 3F9D44A525EDD88F000206E5 /* Build configuration list for PBXProject "iDining" */;
			compatibilityVersion = "Xcode 9.3";
			developmentRegion = en;
			hasScannedForEncodings = 0;
			knownRegions = (
				en,
				Base,
			);
			mainGroup = 3F9D44A125EDD88E000206E5;
			productRefGroup = 3F9D44AB25EDD88F000206E5 /* Products */;
			projectDirPath = "";
			projectRoot = "";
			targets = (
				3F9D44A925EDD88F000206E5 /* iDining */,
				3F9D44C225EDD89D000206E5 /* iDiningTests */,
				3F9D44CD25EDD89D000206E5 /* iDiningUITests */,
			);
		};
/* End PBXProject section */

/* Begin PBXResourcesBuildPhase section */
		3F9D44A825EDD88F000206E5 /* Resources */ = {
			isa = PBXResourcesBuildPhase;
			buildActionMask = 2147483647;
			files = (
				3F9D44F125EDDAB2000206E5 /* menu.json in Resources */,
				3F9D452625F5B525000206E5 /* Assets.xcassets in Resources */,
			);
			runOnlyForDeploymentPostprocessing = 0;
		};
		3F9D44C125EDD89D000206E5 /* Resources */ = {
			isa = PBXResourcesBuildPhase;
			buildActionMask = 2147483647;
			files = (
			);
			runOnlyForDeploymentPostprocessing = 0;
		};
		3F9D44CC25EDD89D000206E5 /* Resources */ = {
			isa = PBXResourcesBuildPhase;
			buildActionMask = 2147483647;
			files = (
			);
			runOnlyForDeploymentPostprocessing = 0;
		};
/* End PBXResourcesBuildPhase section */

/* Begin PBXSourcesBuildPhase section */
		3F9D44A625EDD88F000206E5 /* Sources */ = {
			isa = PBXSourcesBuildPhase;
			buildActionMask = 2147483647;
			files = (
				3F9D44B225EDD88F000206E5 /* ViewController.swift in Sources */,
				3F9D44AE25EDD88F000206E5 /* AppDelegate.swift in Sources */,
				3F9D452125F5B4E4000206E5 /* Order.swift in Sources */,
				3F9D450025F5B388000206E5 /* OrderView.swift in Sources */,
				3F9D44B825EDD88F000206E5 /* iDining.xcdatamodeld in Sources */,
				3F9D451C25F5B4C4000206E5 /* Menu.swift in Sources */,
				3F9D44B025EDD88F000206E5 /* SceneDelegate.swift in Sources */,
				3F9D450525F5B3ED000206E5 /* CheckoutView.swift in Sources */,
				3F9D453C25F5B63A000206E5 /* ItemRow.swift in Sources */,
				3F9D454C25F5B689000206E5 /* ContentView.swift in Sources */,
				3F9D453425F5B613000206E5 /* MainView.swift in Sources */,
				3F9D454425F5B66D000206E5 /* iDineApp.swift in Sources */,
				3F9D455425F5B6AF000206E5 /* ItemDetail.swift in Sources */,
				3F9D451725F5B4A2000206E5 /* Helper.swift in Sources */,
			);
			runOnlyForDeploymentPostprocessing = 0;
		};
		3F9D44BF25EDD89D000206E5 /* Sources */ = {
			isa = PBXSourcesBuildPhase;
			buildActionMask = 2147483647;
			files = (
				3F9D44C825EDD89D000206E5 /* iDiningTests.swift in Sources */,
			);
			runOnlyForDeploymentPostprocessing = 0;
		};
		3F9D44CA25EDD89D000206E5 /* Sources */ = {
			isa = PBXSourcesBuildPhase;
			buildActionMask = 2147483647;
			files = (
				3F9D44D325EDD89D000206E5 /* iDiningUITests.swift in Sources */,
			);
			runOnlyForDeploymentPostprocessing = 0;
		};
/* End PBXSourcesBuildPhase section */

/* Begin PBXTargetDependency section */
		3F9D44C525EDD89D000206E5 /* PBXTargetDependency */ = {
			isa = PBXTargetDependency;
			target = 3F9D44A925EDD88F000206E5 /* iDining */;
			targetProxy = 3F9D44C425EDD89D000206E5 /* PBXContainerItemProxy */;
		};
		3F9D44D025EDD89D000206E5 /* PBXTargetDependency */ = {
			isa = PBXTargetDependency;
			target = 3F9D44A925EDD88F000206E5 /* iDining */;
			targetProxy = 3F9D44CF25EDD89D000206E5 /* PBXContainerItemProxy */;
		};
/* End PBXTargetDependency section */

/* Begin XCBuildConfiguration section */
		3F9D44D525EDD89D000206E5 /* Debug */ = {
			isa = XCBuildConfiguration;
			buildSettings = {
				ALWAYS_SEARCH_USER_PATHS = NO;
				CLANG_ANALYZER_NONNULL = YES;
				CLANG_ANALYZER_NUMBER_OBJECT_CONVERSION = YES_AGGRESSIVE;
				CLANG_CXX_LANGUAGE_STANDARD = "gnu++14";
				CLANG_CXX_LIBRARY = "libc++";
				CLANG_ENABLE_MODULES = YES;
				CLANG_ENABLE_OBJC_ARC = YES;
				CLANG_ENABLE_OBJC_WEAK = YES;
				CLANG_WARN_BLOCK_CAPTURE_AUTORELEASING = YES;
				CLANG_WARN_BOOL_CONVERSION = YES;
				CLANG_WARN_COMMA = YES;
				CLANG_WARN_CONSTANT_CONVERSION = YES;
				CLANG_WARN_DEPRECATED_OBJC_IMPLEMENTATIONS = YES;
				CLANG_WARN_DIRECT_OBJC_ISA_USAGE = YES_ERROR;
				CLANG_WARN_DOCUMENTATION_COMMENTS = YES;
				CLANG_WARN_EMPTY_BODY = YES;
				CLANG_WARN_ENUM_CONVERSION = YES;
				CLANG_WARN_INFINITE_RECURSION = YES;
				CLANG_WARN_INT_CONVERSION = YES;
				CLANG_WARN_NON_LITERAL_NULL_CONVERSION = YES;
				CLANG_WARN_OBJC_IMPLICIT_RETAIN_SELF = YES;
				CLANG_WARN_OBJC_LITERAL_CONVERSION = YES;
				CLANG_WARN_OBJC_ROOT_CLASS = YES_ERROR;
				CLANG_WARN_QUOTED_INCLUDE_IN_FRAMEWORK_HEADER = YES;
				CLANG_WARN_RANGE_LOOP_ANALYSIS = YES;
				CLANG_WARN_STRICT_PROTOTYPES = YES;
				CLANG_WARN_SUSPICIOUS_MOVE = YES;
				CLANG_WARN_UNGUARDED_AVAILABILITY = YES_AGGRESSIVE;
				CLANG_WARN_UNREACHABLE_CODE = YES;
				CLANG_WARN__DUPLICATE_METHOD_MATCH = YES;
				COPY_PHASE_STRIP = NO;
				DEBUG_INFORMATION_FORMAT = dwarf;
				ENABLE_STRICT_OBJC_MSGSEND = YES;
				ENABLE_TESTABILITY = YES;
				GCC_C_LANGUAGE_STANDARD = gnu11;
				GCC_DYNAMIC_NO_PIC = NO;
				GCC_NO_COMMON_BLOCKS = YES;
				GCC_OPTIMIZATION_LEVEL = 0;
				GCC_PREPROCESSOR_DEFINITIONS = (
					"DEBUG=1",
					"$(inherited)",
				);
				GCC_WARN_64_TO_32_BIT_CONVERSION = YES;
				GCC_WARN_ABOUT_RETURN_TYPE = YES_ERROR;
				GCC_WARN_UNDECLARED_SELECTOR = YES;
				GCC_WARN_UNINITIALIZED_AUTOS = YES_AGGRESSIVE;
				GCC_WARN_UNUSED_FUNCTION = YES;
				GCC_WARN_UNUSED_VARIABLE = YES;
				IPHONEOS_DEPLOYMENT_TARGET = 14.3;
				MTL_ENABLE_DEBUG_INFO = INCLUDE_SOURCE;
				MTL_FAST_MATH = YES;
				ONLY_ACTIVE_ARCH = YES;
				SDKROOT = iphoneos;
				SWIFT_ACTIVE_COMPILATION_CONDITIONS = DEBUG;
				SWIFT_OPTIMIZATION_LEVEL = "-Onone";
			};
			name = Debug;
		};
		3F9D44D625EDD89D000206E5 /* Release */ = {
			isa = XCBuildConfiguration;
			buildSettings = {
				ALWAYS_SEARCH_USER_PATHS = NO;
				CLANG_ANALYZER_NONNULL = YES;
				CLANG_ANALYZER_NUMBER_OBJECT_CONVERSION = YES_AGGRESSIVE;
				CLANG_CXX_LANGUAGE_STANDARD = "gnu++14";
				CLANG_CXX_LIBRARY = "libc++";
				CLANG_ENABLE_MODULES = YES;
				CLANG_ENABLE_OBJC_ARC = YES;
				CLANG_ENABLE_OBJC_WEAK = YES;
				CLANG_WARN_BLOCK_CAPTURE_AUTORELEASING = YES;
				CLANG_WARN_BOOL_CONVERSION = YES;
				CLANG_WARN_COMMA = YES;
				CLANG_WARN_CONSTANT_CONVERSION = YES;
				CLANG_WARN_DEPRECATED_OBJC_IMPLEMENTATIONS = YES;
				CLANG_WARN_DIRECT_OBJC_ISA_USAGE = YES_ERROR;
				CLANG_WARN_DOCUMENTATION_COMMENTS = YES;
				CLANG_WARN_EMPTY_BODY = YES;
				CLANG_WARN_ENUM_CONVERSION = YES;
				CLANG_WARN_INFINITE_RECURSION = YES;
				CLANG_WARN_INT_CONVERSION = YES;
				CLANG_WARN_NON_LITERAL_NULL_CONVERSION = YES;
				CLANG_WARN_OBJC_IMPLICIT_RETAIN_SELF = YES;
				CLANG_WARN_OBJC_LITERAL_CONVERSION = YES;
				CLANG_WARN_OBJC_ROOT_CLASS = YES_ERROR;
				CLANG_WARN_QUOTED_INCLUDE_IN_FRAMEWORK_HEADER = YES;
				CLANG_WARN_RANGE_LOOP_ANALYSIS = YES;
				CLANG_WARN_STRICT_PROTOTYPES = YES;
				CLANG_WARN_SUSPICIOUS_MOVE = YES;
				CLANG_WARN_UNGUARDED_AVAILABILITY = YES_AGGRESSIVE;
				CLANG_WARN_UNREACHABLE_CODE = YES;
				CLANG_WARN__DUPLICATE_METHOD_MATCH = YES;
				COPY_PHASE_STRIP = NO;
				DEBUG_INFORMATION_FORMAT = "dwarf-with-dsym";
				ENABLE_NS_ASSERTIONS = NO;
				ENABLE_STRICT_OBJC_MSGSEND = YES;
				GCC_C_LANGUAGE_STANDARD = gnu11;
				GCC_NO_COMMON_BLOCKS = YES;
				GCC_WARN_64_TO_32_BIT_CONVERSION = YES;
				GCC_WARN_ABOUT_RETURN_TYPE = YES_ERROR;
				GCC_WARN_UNDECLARED_SELECTOR = YES;
				GCC_WARN_UNINITIALIZED_AUTOS = YES_AGGRESSIVE;
				GCC_WARN_UNUSED_FUNCTION = YES;
				GCC_WARN_UNUSED_VARIABLE = YES;
				IPHONEOS_DEPLOYMENT_TARGET = 14.3;
				MTL_ENABLE_DEBUG_INFO = NO;
				MTL_FAST_MATH = YES;
				SDKROOT = iphoneos;
				SWIFT_COMPILATION_MODE = wholemodule;
				SWIFT_OPTIMIZATION_LEVEL = "-O";
				VALIDATE_PRODUCT = YES;
			};
			name = Release;
		};
		3F9D44D825EDD89D000206E5 /* Debug */ = {
			isa = XCBuildConfiguration;
			buildSettings = {
				ASSETCATALOG_COMPILER_APPICON_NAME = AppIcon;
				ASSETCATALOG_COMPILER_GLOBAL_ACCENT_COLOR_NAME = AccentColor;
				CODE_SIGN_STYLE = Automatic;
				DEVELOPMENT_TEAM = 35LN82JDRR;
				INFOPLIST_FILE = iDining/Info.plist;
				LD_RUNPATH_SEARCH_PATHS = (
					"$(inherited)",
					"@executable_path/Frameworks",
				);
				PRODUCT_BUNDLE_IDENTIFIER = TheLastAce.iDining;
				PRODUCT_NAME = "$(TARGET_NAME)";
				SWIFT_VERSION = 5.0;
				TARGETED_DEVICE_FAMILY = "1,2";
			};
			name = Debug;
		};
		3F9D44D925EDD89D000206E5 /* Release */ = {
			isa = XCBuildConfiguration;
			buildSettings = {
				ASSETCATALOG_COMPILER_APPICON_NAME = AppIcon;
				ASSETCATALOG_COMPILER_GLOBAL_ACCENT_COLOR_NAME = AccentColor;
				CODE_SIGN_STYLE = Automatic;
				DEVELOPMENT_TEAM = 35LN82JDRR;
				INFOPLIST_FILE = iDining/Info.plist;
				LD_RUNPATH_SEARCH_PATHS = (
					"$(inherited)",
					"@executable_path/Frameworks",
				);
				PRODUCT_BUNDLE_IDENTIFIER = TheLastAce.iDining;
				PRODUCT_NAME = "$(TARGET_NAME)";
				SWIFT_VERSION = 5.0;
				TARGETED_DEVICE_FAMILY = "1,2";
			};
			name = Release;
		};
		3F9D44DB25EDD89D000206E5 /* Debug */ = {
			isa = XCBuildConfiguration;
			buildSettings = {
				ALWAYS_EMBED_SWIFT_STANDARD_LIBRARIES = YES;
				BUNDLE_LOADER = "$(TEST_HOST)";
				CODE_SIGN_STYLE = Automatic;
				DEVELOPMENT_TEAM = 35LN82JDRR;
				INFOPLIST_FILE = iDiningTests/Info.plist;
				IPHONEOS_DEPLOYMENT_TARGET = 14.3;
				LD_RUNPATH_SEARCH_PATHS = (
					"$(inherited)",
					"@executable_path/Frameworks",
					"@loader_path/Frameworks",
				);
				PRODUCT_BUNDLE_IDENTIFIER = TheLastAce.iDiningTests;
				PRODUCT_NAME = "$(TARGET_NAME)";
				SWIFT_VERSION = 5.0;
				TARGETED_DEVICE_FAMILY = "1,2";
				TEST_HOST = "$(BUILT_PRODUCTS_DIR)/iDining.app/iDining";
			};
			name = Debug;
		};
		3F9D44DC25EDD89D000206E5 /* Release */ = {
			isa = XCBuildConfiguration;
			buildSettings = {
				ALWAYS_EMBED_SWIFT_STANDARD_LIBRARIES = YES;
				BUNDLE_LOADER = "$(TEST_HOST)";
				CODE_SIGN_STYLE = Automatic;
				DEVELOPMENT_TEAM = 35LN82JDRR;
				INFOPLIST_FILE = iDiningTests/Info.plist;
				IPHONEOS_DEPLOYMENT_TARGET = 14.3;
				LD_RUNPATH_SEARCH_PATHS = (
					"$(inherited)",
					"@executable_path/Frameworks",
					"@loader_path/Frameworks",
				);
				PRODUCT_BUNDLE_IDENTIFIER = TheLastAce.iDiningTests;
				PRODUCT_NAME = "$(TARGET_NAME)";
				SWIFT_VERSION = 5.0;
				TARGETED_DEVICE_FAMILY = "1,2";
				TEST_HOST = "$(BUILT_PRODUCTS_DIR)/iDining.app/iDining";
			};
			name = Release;
		};
		3F9D44DE25EDD89D000206E5 /* Debug */ = {
			isa = XCBuildConfiguration;
			buildSettings = {
				ALWAYS_EMBED_SWIFT_STANDARD_LIBRARIES = YES;
				CODE_SIGN_STYLE = Automatic;
				DEVELOPMENT_TEAM = 35LN82JDRR;
				INFOPLIST_FILE = iDiningUITests/Info.plist;
				LD_RUNPATH_SEARCH_PATHS = (
					"$(inherited)",
					"@executable_path/Frameworks",
					"@loader_path/Frameworks",
				);
				PRODUCT_BUNDLE_IDENTIFIER = TheLastAce.iDiningUITests;
				PRODUCT_NAME = "$(TARGET_NAME)";
				SWIFT_VERSION = 5.0;
				TARGETED_DEVICE_FAMILY = "1,2";
				TEST_TARGET_NAME = iDining;
			};
			name = Debug;
		};
		3F9D44DF25EDD89D000206E5 /* Release */ = {
			isa = XCBuildConfiguration;
			buildSettings = {
				ALWAYS_EMBED_SWIFT_STANDARD_LIBRARIES = YES;
				CODE_SIGN_STYLE = Automatic;
				DEVELOPMENT_TEAM = 35LN82JDRR;
				INFOPLIST_FILE = iDiningUITests/Info.plist;
				LD_RUNPATH_SEARCH_PATHS = (
					"$(inherited)",
					"@executable_path/Frameworks",
					"@loader_path/Frameworks",
				);
				PRODUCT_BUNDLE_IDENTIFIER = TheLastAce.iDiningUITests;
				PRODUCT_NAME = "$(TARGET_NAME)";
				SWIFT_VERSION = 5.0;
				TARGETED_DEVICE_FAMILY = "1,2";
				TEST_TARGET_NAME = iDining;
			};
			name = Release;
		};
/* End XCBuildConfiguration section */

/* Begin XCConfigurationList section */
		3F9D44A525EDD88F000206E5 /* Build configuration list for PBXProject "iDining" */ = {
			isa = XCConfigurationList;
			buildConfigurations = (
				3F9D44D525EDD89D000206E5 /* Debug */,
				3F9D44D625EDD89D000206E5 /* Release */,
			);
			defaultConfigurationIsVisible = 0;
			defaultConfigurationName = Release;
		};
		3F9D44D725EDD89D000206E5 /* Build configuration list for PBXNativeTarget "iDining" */ = {
			isa = XCConfigurationList;
			buildConfigurations = (
				3F9D44D825EDD89D000206E5 /* Debug */,
				3F9D44D925EDD89D000206E5 /* Release */,
			);
			defaultConfigurationIsVisible = 0;
			defaultConfigurationName = Release;
		};
		3F9D44DA25EDD89D000206E5 /* Build configuration list for PBXNativeTarget "iDiningTests" */ = {
			isa = XCConfigurationList;
			buildConfigurations = (
				3F9D44DB25EDD89D000206E5 /* Debug */,
				3F9D44DC25EDD89D000206E5 /* Release */,
			);
			defaultConfigurationIsVisible = 0;
			defaultConfigurationName = Release;
		};
		3F9D44DD25EDD89D000206E5 /* Build configuration list for PBXNativeTarget "iDiningUITests" */ = {
			isa = XCConfigurationList;
			buildConfigurations = (
				3F9D44DE25EDD89D000206E5 /* Debug */,
				3F9D44DF25EDD89D000206E5 /* Release */,
			);
			defaultConfigurationIsVisible = 0;
			defaultConfigurationName = Release;
		};
/* End XCConfigurationList section */

/* Begin XCVersionGroup section */
		3F9D44B625EDD88F000206E5 /* iDining.xcdatamodeld */ = {
			isa = XCVersionGroup;
			children = (
				3F9D44B725EDD88F000206E5 /* iDining.xcdatamodel */,
			);
			currentVersion = 3F9D44B725EDD88F000206E5 /* iDining.xcdatamodel */;
			path = iDining.xcdatamodeld;
			sourceTree = "<group>";
			versionGroupType = wrapper.xcdatamodel;
		};
/* End XCVersionGroup section */
	};
	rootObject = 3F9D44A225EDD88F000206E5 /* Project object */;
}
